// !$*UTF8*$!
{
	archiveVersion = 1;
	classes = {
	};
	objectVersion = 50;
	objects = {

/* Begin PBXBuildFile section */
		5762F2D524B1038700AE825C /* AppDelegate.swift in Sources */ = {isa = PBXBuildFile; fileRef = 5762F2D424B1038700AE825C /* AppDelegate.swift */; };
		5762F2D724B1038700AE825C /* SceneDelegate.swift in Sources */ = {isa = PBXBuildFile; fileRef = 5762F2D624B1038700AE825C /* SceneDelegate.swift */; };
		5762F2D924B1038700AE825C /* ViewController.swift in Sources */ = {isa = PBXBuildFile; fileRef = 5762F2D824B1038700AE825C /* ViewController.swift */; };
		5762F2DC24B1038700AE825C /* Main.storyboard in Resources */ = {isa = PBXBuildFile; fileRef = 5762F2DA24B1038700AE825C /* Main.storyboard */; };
		5762F2DE24B1038A00AE825C /* Assets.xcassets in Resources */ = {isa = PBXBuildFile; fileRef = 5762F2DD24B1038A00AE825C /* Assets.xcassets */; };
		5762F2E124B1038A00AE825C /* LaunchScreen.storyboard in Resources */ = {isa = PBXBuildFile; fileRef = 5762F2DF24B1038A00AE825C /* LaunchScreen.storyboard */; };
		5762F2E924B104CD00AE825C /* TableViewController.swift in Sources */ = {isa = PBXBuildFile; fileRef = 5762F2E824B104CD00AE825C /* TableViewController.swift */; };
/* End PBXBuildFile section */

/* Begin PBXFileReference section */
		5762F2D124B1038700AE825C /* tables.app */ = {isa = PBXFileReference; explicitFileType = wrapper.application; includeInIndex = 0; path = tables.app; sourceTree = BUILT_PRODUCTS_DIR; };
		5762F2D424B1038700AE825C /* AppDelegate.swift */ = {isa = PBXFileReference; lastKnownFileType = sourcecode.swift; path = AppDelegate.swift; sourceTree = "<group>"; };
		5762F2D624B1038700AE825C /* SceneDelegate.swift */ = {isa = PBXFileReference; lastKnownFileType = sourcecode.swift; path = SceneDelegate.swift; sourceTree = "<group>"; };
		5762F2D824B1038700AE825C /* ViewController.swift */ = {isa = PBXFileReference; lastKnownFileType = sourcecode.swift; path = ViewController.swift; sourceTree = "<group>"; };
		5762F2DB24B1038700AE825C /* Base */ = {isa = PBXFileReference; lastKnownFileType = file.storyboard; name = Base; path = Base.lproj/Main.storyboard; sourceTree = "<group>"; };
		5762F2DD24B1038A00AE825C /* Assets.xcassets */ = {isa = PBXFileReference; lastKnownFileType = folder.assetcatalog; path = Assets.xcassets; sourceTree = "<group>"; };
		5762F2E024B1038A00AE825C /* Base */ = {isa = PBXFileReference; lastKnownFileType = file.storyboard; name = Base; path = Base.lproj/LaunchScreen.storyboard; sourceTree = "<group>"; };
		5762F2E224B1038A00AE825C /* Info.plist */ = {isa = PBXFileReference; lastKnownFileType = text.plist.xml; path = Info.plist; sourceTree = "<group>"; };
		5762F2E824B104CD00AE825C /* TableViewController.swift */ = {isa = PBXFileReference; lastKnownFileType = sourcecode.swift; path = TableViewController.swift; sourceTree = "<group>"; };
/* End PBXFileReference section */

/* Begin PBXFrameworksBuildPhase section */
		5762F2CE24B1038700AE825C /* Frameworks */ = {
			isa = PBXFrameworksBuildPhase;
			buildActionMask = 2147483647;
			files = (
			);
			runOnlyForDeploymentPostprocessing = 0;
		};
/* End PBXFrameworksBuildPhase section */

/* Begin PBXGroup section */
		5762F2C824B1038700AE825C = {
			isa = PBXGroup;
			children = (
				5762F2D324B1038700AE825C /* tables */,
				5762F2D224B1038700AE825C /* Products */,
			);
			sourceTree = "<group>";
		};
		5762F2D224B1038700AE825C /* Products */ = {
			isa = PBXGroup;
			children = (
				5762F2D124B1038700AE825C /* tables.app */,
			);
			name = Products;
			sourceTree = "<group>";
		};
		5762F2D324B1038700AE825C /* tables */ = {
			isa = PBXGroup;
			children = (
				5762F2D424B1038700AE825C /* AppDelegate.swift */,
				5762F2D624B1038700AE825C /* SceneDelegate.swift */,
				5762F2D824B1038700AE825C /* ViewController.swift */,
				5762F2DA24B1038700AE825C /* Main.storyboard */,
				5762F2DD24B1038A00AE825C /* Assets.xcassets */,
				5762F2DF24B1038A00AE825C /* LaunchScreen.storyboard */,
				5762F2E224B1038A00AE825C /* Info.plist */,
				5762F2E824B104CD00AE825C /* TableViewController.swift */,
			);
			path = tables;
			sourceTree = "<group>";
		};
/* End PBXGroup section */

/* Begin PBXNativeTarget section */
		5762F2D024B1038700AE825C /* tables */ = {
			isa = PBXNativeTarget;
			buildConfigurationList = 5762F2E524B1038A00AE825C /* Build configuration list for PBXNativeTarget "tables" */;
			buildPhases = (
				5762F2CD24B1038700AE825C /* Sources */,
				5762F2CE24B1038700AE825C /* Frameworks */,
				5762F2CF24B1038700AE825C /* Resources */,
			);
			buildRules = (
			);
			dependencies = (
			);
			name = tables;
			productName = tables;
			productReference = 5762F2D124B1038700AE825C /* tables.app */;
			productType = "com.apple.product-type.application";
		};
/* End PBXNativeTarget section */

/* Begin PBXProject section */
		5762F2C924B1038700AE825C /* Project object */ = {
			isa = PBXProject;
			attributes = {
				LastSwiftUpdateCheck = 1150;
				LastUpgradeCheck = 1150;
				ORGANIZATIONNAME = "Aldana Al-Rashidi";
				TargetAttributes = {
					5762F2D024B1038700AE825C = {
						CreatedOnToolsVersion = 11.5;
					};
				};
			};
			buildConfigurationList = 5762F2CC24B1038700AE825C /* Build configuration list for PBXProject "tables" */;
			compatibilityVersion = "Xcode 9.3";
			developmentRegion = en;
			hasScannedForEncodings = 0;
			knownRegions = (
				en,
				Base,
			);
			mainGroup = 5762F2C824B1038700AE825C;
			productRefGroup = 5762F2D224B1038700AE825C /* Products */;
			projectDirPath = "";
			projectRoot = "";
			targets = (
				5762F2D024B1038700AE825C /* tables */,
			);
		};
/* End PBXProject section */

/* Begin PBXResourcesBuildPhase section */
		5762F2CF24B1038700AE825C /* Resources */ = {
			isa = PBXResourcesBuildPhase;
			buildActionMask = 2147483647;
			files = (
				5762F2E124B1038A00AE825C /* LaunchScreen.storyboard in Resources */,
				5762F2DE24B1038A00AE825C /* Assets.xcassets in Resources */,
				5762F2DC24B1038700AE825C /* Main.storyboard in Resources */,
			);
			runOnlyForDeploymentPostprocessing = 0;
		};
/* End PBXResourcesBuildPhase section */

/* Begin PBXSourcesBuildPhase section */
		5762F2CD24B1038700AE825C /* Sources */ = {
			isa = PBXSourcesBuildPhase;
			buildActionMask = 2147483647;
			files = (
				5762F2D924B1038700AE825C /* ViewController.swift in Sources */,
				5762F2D524B1038700AE825C /* AppDelegate.swift in Sources */,
				5762F2D724B1038700AE825C /* SceneDelegate.swift in Sources */,
				5762F2E924B104CD00AE825C /* TableViewController.swift in Sources */,
			);
			runOnlyForDeploymentPostprocessing = 0;
		};
/* End PBXSourcesBuildPhase section */

/* Begin PBXVariantGroup section */
		5762F2DA24B1038700AE825C /* Main.storyboard */ = {
			isa = PBXVariantGroup;
			children = (
				5762F2DB24B1038700AE825C /* Base */,
			);
			name = Main.storyboard;
			sourceTree = "<group>";
		};
		5762F2DF24B1038A00AE825C /* LaunchScreen.storyboard */ = {
			isa = PBXVariantGroup;
			children = (
				5762F2E024B1038A00AE825C /* Base */,
			);
			name = LaunchScreen.storyboard;
			sourceTree = "<group>";
		};
/* End PBXVariantGroup section */

/* Begin XCBuildConfiguration section */
		5762F2E324B1038A00AE825C /* Debug */ = {
			isa = XCBuildConfiguration;
			buildSettings = {
				ALWAYS_SEARCH_USER_PATHS = NO;
				CLANG_ANALYZER_NONNULL = YES;
				CLANG_ANALYZER_NUMBER_OBJECT_CONVERSION = YES_AGGRESSIVE;
				CLANG_CXX_LANGUAGE_STANDARD = "gnu++14";
				CLANG_CXX_LIBRARY = "libc++";
				CLANG_ENABLE_MODULES = YES;
				CLANG_ENABLE_OBJC_ARC = YES;
				CLANG_ENABLE_OBJC_WEAK = YES;
				CLANG_WARN_BLOCK_CAPTURE_AUTORELEASING = YES;
				CLANG_WARN_BOOL_CONVERSION = YES;
				CLANG_WARN_COMMA = YES;
				CLANG_WARN_CONSTANT_CONVERSION = YES;
				CLANG_WARN_DEPRECATED_OBJC_IMPLEMENTATIONS = YES;
				CLANG_WARN_DIRECT_OBJC_ISA_USAGE = YES_ERROR;
				CLANG_WARN_DOCUMENTATION_COMMENTS = YES;
				CLANG_WARN_EMPTY_BODY = YES;
				CLANG_WARN_ENUM_CONVERSION = YES;
				CLANG_WARN_INFINITE_RECURSION = YES;
				CLANG_WARN_INT_CONVERSION = YES;
				CLANG_WARN_NON_LITERAL_NULL_CONVERSION = YES;
				CLANG_WARN_OBJC_IMPLICIT_RETAIN_SELF = YES;
				CLANG_WARN_OBJC_LITERAL_CONVERSION = YES;
				CLANG_WARN_OBJC_ROOT_CLASS = YES_ERROR;
				CLANG_WARN_RANGE_LOOP_ANALYSIS = YES;
				CLANG_WARN_STRICT_PROTOTYPES = YES;
				CLANG_WARN_SUSPICIOUS_MOVE = YES;
				CLANG_WARN_UNGUARDED_AVAILABILITY = YES_AGGRESSIVE;
				CLANG_WARN_UNREACHABLE_CODE = YES;
				CLANG_WARN__DUPLICATE_METHOD_MATCH = YES;
				COPY_PHASE_STRIP = NO;
				DEBUG_INFORMATION_FORMAT = dwarf;
				ENABLE_STRICT_OBJC_MSGSEND = YES;
				ENABLE_TESTABILITY = YES;
				GCC_C_LANGUAGE_STANDARD = gnu11;
				GCC_DYNAMIC_NO_PIC = NO;
				GCC_NO_COMMON_BLOCKS = YES;
				GCC_OPTIMIZATION_LEVEL = 0;
				GCC_PREPROCESSOR_DEFINITIONS = (
					"DEBUG=1",
					"$(inherited)",
				);
				GCC_WARN_64_TO_32_BIT_CONVERSION = YES;
				GCC_WARN_ABOUT_RETURN_TYPE = YES_ERROR;
				GCC_WARN_UNDECLARED_SELECTOR = YES;
				GCC_WARN_UNINITIALIZED_AUTOS = YES_AGGRESSIVE;
				GCC_WARN_UNUSED_FUNCTION = YES;
				GCC_WARN_UNUSED_VARIABLE = YES;
				IPHONEOS_DEPLOYMENT_TARGET = 13.5;
				MTL_ENABLE_DEBUG_INFO = INCLUDE_SOURCE;
				MTL_FAST_MATH = YES;
				ONLY_ACTIVE_ARCH = YES;
				SDKROOT = iphoneos;
				SWIFT_ACTIVE_COMPILATION_CONDITIONS = DEBUG;
				SWIFT_OPTIMIZATION_LEVEL = "-Onone";
			};
			name = Debug;
		};
		5762F2E424B1038A00AE825C /* Release */ = {
			isa = XCBuildConfiguration;
			buildSettings = {
				ALWAYS_SEARCH_USER_PATHS = NO;
				CLANG_ANALYZER_NONNULL = YES;
				CLANG_ANALYZER_NUMBER_OBJECT_CONVERSION = YES_AGGRESSIVE;
				CLANG_CXX_LANGUAGE_STANDARD = "gnu++14";
				CLANG_CXX_LIBRARY = "libc++";
				CLANG_ENABLE_MODULES = YES;
				CLANG_ENABLE_OBJC_ARC = YES;
				CLANG_ENABLE_OBJC_WEAK = YES;
				CLANG_WARN_BLOCK_CAPTURE_AUTORELEASING = YES;
				CLANG_WARN_BOOL_CONVERSION = YES;
				CLANG_WARN_COMMA = YES;
				CLANG_WARN_CONSTANT_CONVERSION = YES;
				CLANG_WARN_DEPRECATED_OBJC_IMPLEMENTATIONS = YES;
				CLANG_WARN_DIRECT_OBJC_ISA_USAGE = YES_ERROR;
				CLANG_WARN_DOCUMENTATION_COMMENTS = YES;
				CLANG_WARN_EMPTY_BODY = YES;
				CLANG_WARN_ENUM_CONVERSION = YES;
				CLANG_WARN_INFINITE_RECURSION = YES;
				CLANG_WARN_INT_CONVERSION = YES;
				CLANG_WARN_NON_LITERAL_NULL_CONVERSION = YES;
				CLANG_WARN_OBJC_IMPLICIT_RETAIN_SELF = YES;
				CLANG_WARN_OBJC_LITERAL_CONVERSION = YES;
				CLANG_WARN_OBJC_ROOT_CLASS = YES_ERROR;
				CLANG_WARN_RANGE_LOOP_ANALYSIS = YES;
				CLANG_WARN_STRICT_PROTOTYPES = YES;
				CLANG_WARN_SUSPICIOUS_MOVE = YES;
				CLANG_WARN_UNGUARDED_AVAILABILITY = YES_AGGRESSIVE;
				CLANG_WARN_UNREACHABLE_CODE = YES;
				CLANG_WARN__DUPLICATE_METHOD_MATCH = YES;
				COPY_PHASE_STRIP = NO;
				DEBUG_INFORMATION_FORMAT = "dwarf-with-dsym";
				ENABLE_NS_ASSERTIONS = NO;
				ENABLE_STRICT_OBJC_MSGSEND = YES;
				GCC_C_LANGUAGE_STANDARD = gnu11;
				GCC_NO_COMMON_BLOCKS = YES;
				GCC_WARN_64_TO_32_BIT_CONVERSION = YES;
				GCC_WARN_ABOUT_RETURN_TYPE = YES_ERROR;
				GCC_WARN_UNDECLARED_SELECTOR = YES;
				GCC_WARN_UNINITIALIZED_AUTOS = YES_AGGRESSIVE;
				GCC_WARN_UNUSED_FUNCTION = YES;
				GCC_WARN_UNUSED_VARIABLE = YES;
				IPHONEOS_DEPLOYMENT_TARGET = 13.5;
				MTL_ENABLE_DEBUG_INFO = NO;
				MTL_FAST_MATH = YES;
				SDKROOT = iphoneos;
				SWIFT_COMPILATION_MODE = wholemodule;
				SWIFT_OPTIMIZATION_LEVEL = "-O";
				VALIDATE_PRODUCT = YES;
			};
			name = Release;
		};
		5762F2E624B1038A00AE825C /* Debug */ = {
			isa = XCBuildConfiguration;
			buildSettings = {
				ASSETCATALOG_COMPILER_APPICON_NAME = AppIcon;
				CODE_SIGN_STYLE = Automatic;
				INFOPLIST_FILE = tables/Info.plist;
				LD_RUNPATH_SEARCH_PATHS = (
					"$(inherited)",
					"@executable_path/Frameworks",
				);
				PRODUCT_BUNDLE_IDENTIFIER = com.aldana227.tables;
				PRODUCT_NAME = "$(TARGET_NAME)";
				SWIFT_VERSION = 5.0;
				TARGETED_DEVICE_FAMILY = "1,2";
			};
			name = Debug;
		};
		5762F2E724B1038A00AE825C /* Release */ = {
			isa = XCBuildConfiguration;
			buildSettings = {
				ASSETCATALOG_COMPILER_APPICON_NAME = AppIcon;
				CODE_SIGN_STYLE = Automatic;
				INFOPLIST_FILE = tables/Info.plist;
				LD_RUNPATH_SEARCH_PATHS = (
					"$(inherited)",
					"@executable_path/Frameworks",
				);
				PRODUCT_BUNDLE_IDENTIFIER = com.aldana227.tables;
				PRODUCT_NAME = "$(TARGET_NAME)";
				SWIFT_VERSION = 5.0;
				TARGETED_DEVICE_FAMILY = "1,2";
			};
			name = Release;
		};
/* End XCBuildConfiguration section */

/* Begin XCConfigurationList section */
		5762F2CC24B1038700AE825C /* Build configuration list for PBXProject "tables" */ = {
			isa = XCConfigurationList;
			buildConfigurations = (
				5762F2E324B1038A00AE825C /* Debug */,
				5762F2E424B1038A00AE825C /* Release */,
			);
			defaultConfigurationIsVisible = 0;
			defaultConfigurationName = Release;
		};
		5762F2E524B1038A00AE825C /* Build configuration list for PBXNativeTarget "tables" */ = {
			isa = XCConfigurationList;
			buildConfigurations = (
				5762F2E624B1038A00AE825C /* Debug */,
				5762F2E724B1038A00AE825C /* Release */,
			);
			defaultConfigurationIsVisible = 0;
			defaultConfigurationName = Release;
		};
/* End XCConfigurationList section */
	};
	rootObject = 5762F2C924B1038700AE825C /* Project object */;
}
